// !$*UTF8*$!
{
	archiveVersion = 1;
	classes = {
	};
	objectVersion = 50;
	objects = {

/* Begin PBXBuildFile section */
		483DE03A230BE6030003A2DF /* UIImagePickerController+rotate.swift in Sources */ = {isa = PBXBuildFile; fileRef = 483DE039230BE6030003A2DF /* UIImagePickerController+rotate.swift */; };
		483DE03D230BE6970003A2DF /* Grid.swift in Sources */ = {isa = PBXBuildFile; fileRef = 483DE03C230BE6970003A2DF /* Grid.swift */; };
		488F3B91230B199500663763 /* AppDelegate.swift in Sources */ = {isa = PBXBuildFile; fileRef = 488F3B90230B199500663763 /* AppDelegate.swift */; };
		488F3B93230B199500663763 /* ViewController.swift in Sources */ = {isa = PBXBuildFile; fileRef = 488F3B92230B199500663763 /* ViewController.swift */; };
		488F3B96230B199500663763 /* Main.storyboard in Resources */ = {isa = PBXBuildFile; fileRef = 488F3B94230B199500663763 /* Main.storyboard */; };
		488F3B98230B199800663763 /* Assets.xcassets in Resources */ = {isa = PBXBuildFile; fileRef = 488F3B97230B199800663763 /* Assets.xcassets */; };
		488F3B9B230B199800663763 /* LaunchScreen.storyboard in Resources */ = {isa = PBXBuildFile; fileRef = 488F3B99230B199800663763 /* LaunchScreen.storyboard */; };
		488F3BA4230B1A8C00663763 /* UIView+image.swift in Sources */ = {isa = PBXBuildFile; fileRef = 488F3BA3230B1A8C00663763 /* UIView+image.swift */; };
		48AAA1A823FB28030030F28F /* GridTest.swift in Sources */ = {isa = PBXBuildFile; fileRef = 48AAA1A723FB28030030F28F /* GridTest.swift */; };
		48FDFC2C23E02C5A000671CF /* Delm-Medium.otf in Resources */ = {isa = PBXBuildFile; fileRef = 48FDFC2A23E02C5A000671CF /* Delm-Medium.otf */; };
		48FDFC2D23E02C5A000671CF /* ThirstySoftRegular.otf in Resources */ = {isa = PBXBuildFile; fileRef = 48FDFC2B23E02C5A000671CF /* ThirstySoftRegular.otf */; };
/* End PBXBuildFile section */

/* Begin PBXContainerItemProxy section */
		48AAA1A223FB279B0030F28F /* PBXContainerItemProxy */ = {
			isa = PBXContainerItemProxy;
			containerPortal = 488F3B85230B199500663763 /* Project object */;
			proxyType = 1;
			remoteGlobalIDString = 488F3B8C230B199500663763;
			remoteInfo = Instagrid;
		};
/* End PBXContainerItemProxy section */

/* Begin PBXFileReference section */
		483DE039230BE6030003A2DF /* UIImagePickerController+rotate.swift */ = {isa = PBXFileReference; lastKnownFileType = sourcecode.swift; path = "UIImagePickerController+rotate.swift"; sourceTree = "<group>"; };
		483DE03C230BE6970003A2DF /* Grid.swift */ = {isa = PBXFileReference; lastKnownFileType = sourcecode.swift; path = Grid.swift; sourceTree = "<group>"; };
		488F3B8D230B199500663763 /* Instagrid.app */ = {isa = PBXFileReference; explicitFileType = wrapper.application; includeInIndex = 0; path = Instagrid.app; sourceTree = BUILT_PRODUCTS_DIR; };
		488F3B90230B199500663763 /* AppDelegate.swift */ = {isa = PBXFileReference; lastKnownFileType = sourcecode.swift; path = AppDelegate.swift; sourceTree = "<group>"; };
		488F3B92230B199500663763 /* ViewController.swift */ = {isa = PBXFileReference; lastKnownFileType = sourcecode.swift; path = ViewController.swift; sourceTree = "<group>"; };
		488F3B95230B199500663763 /* Base */ = {isa = PBXFileReference; lastKnownFileType = file.storyboard; name = Base; path = Base.lproj/Main.storyboard; sourceTree = "<group>"; };
		488F3B97230B199800663763 /* Assets.xcassets */ = {isa = PBXFileReference; lastKnownFileType = folder.assetcatalog; path = Assets.xcassets; sourceTree = "<group>"; };
		488F3B9A230B199800663763 /* Base */ = {isa = PBXFileReference; lastKnownFileType = file.storyboard; name = Base; path = Base.lproj/LaunchScreen.storyboard; sourceTree = "<group>"; };
		488F3B9C230B199800663763 /* Info.plist */ = {isa = PBXFileReference; lastKnownFileType = text.plist.xml; path = Info.plist; sourceTree = "<group>"; };
		488F3BA3230B1A8C00663763 /* UIView+image.swift */ = {isa = PBXFileReference; lastKnownFileType = sourcecode.swift; path = "UIView+image.swift"; sourceTree = "<group>"; };
		48AAA19D23FB279B0030F28F /* InstagridTests.xctest */ = {isa = PBXFileReference; explicitFileType = wrapper.cfbundle; includeInIndex = 0; path = InstagridTests.xctest; sourceTree = BUILT_PRODUCTS_DIR; };
		48AAA1A123FB279B0030F28F /* Info.plist */ = {isa = PBXFileReference; lastKnownFileType = text.plist.xml; path = Info.plist; sourceTree = "<group>"; };
		48AAA1A723FB28030030F28F /* GridTest.swift */ = {isa = PBXFileReference; lastKnownFileType = sourcecode.swift; path = GridTest.swift; sourceTree = "<group>"; };
		48FDFC2A23E02C5A000671CF /* Delm-Medium.otf */ = {isa = PBXFileReference; lastKnownFileType = file; path = "Delm-Medium.otf"; sourceTree = "<group>"; };
		48FDFC2B23E02C5A000671CF /* ThirstySoftRegular.otf */ = {isa = PBXFileReference; lastKnownFileType = file; path = ThirstySoftRegular.otf; sourceTree = "<group>"; };
/* End PBXFileReference section */

/* Begin PBXFrameworksBuildPhase section */
		488F3B8A230B199500663763 /* Frameworks */ = {
			isa = PBXFrameworksBuildPhase;
			buildActionMask = 2147483647;
			files = (
			);
			runOnlyForDeploymentPostprocessing = 0;
		};
		48AAA19A23FB279B0030F28F /* Frameworks */ = {
			isa = PBXFrameworksBuildPhase;
			buildActionMask = 2147483647;
			files = (
			);
			runOnlyForDeploymentPostprocessing = 0;
		};
/* End PBXFrameworksBuildPhase section */

/* Begin PBXGroup section */
		483DE032230BE2910003A2DF /* View */ = {
			isa = PBXGroup;
			children = (
				488F3B94230B199500663763 /* Main.storyboard */,
			);
			path = View;
			sourceTree = "<group>";
		};
		483DE033230BE2AC0003A2DF /* Controller */ = {
			isa = PBXGroup;
			children = (
				488F3B92230B199500663763 /* ViewController.swift */,
			);
			path = Controller;
			sourceTree = "<group>";
		};
		483DE034230BE45D0003A2DF /* Supporting Files */ = {
			isa = PBXGroup;
			children = (
				48FDFC2A23E02C5A000671CF /* Delm-Medium.otf */,
				48FDFC2B23E02C5A000671CF /* ThirstySoftRegular.otf */,
				488F3B90230B199500663763 /* AppDelegate.swift */,
				488F3B97230B199800663763 /* Assets.xcassets */,
				488F3B99230B199800663763 /* LaunchScreen.storyboard */,
				488F3B9C230B199800663763 /* Info.plist */,
			);
			path = "Supporting Files";
			sourceTree = "<group>";
		};
		483DE03B230BE6670003A2DF /* Model */ = {
			isa = PBXGroup;
			children = (
				483DE03C230BE6970003A2DF /* Grid.swift */,
			);
			path = Model;
			sourceTree = "<group>";
		};
		488F3B84230B199500663763 = {
			isa = PBXGroup;
			children = (
				488F3B8F230B199500663763 /* Instagrid */,
				48AAA19E23FB279B0030F28F /* InstagridTests */,
				488F3B8E230B199500663763 /* Products */,
			);
			sourceTree = "<group>";
		};
		488F3B8E230B199500663763 /* Products */ = {
			isa = PBXGroup;
			children = (
				488F3B8D230B199500663763 /* Instagrid.app */,
				48AAA19D23FB279B0030F28F /* InstagridTests.xctest */,
			);
			name = Products;
			sourceTree = "<group>";
		};
		488F3B8F230B199500663763 /* Instagrid */ = {
			isa = PBXGroup;
			children = (
				483DE034230BE45D0003A2DF /* Supporting Files */,
				488F3BA2230B19DB00663763 /* Extensions */,
				483DE03B230BE6670003A2DF /* Model */,
				483DE032230BE2910003A2DF /* View */,
				483DE033230BE2AC0003A2DF /* Controller */,
			);
			path = Instagrid;
			sourceTree = "<group>";
		};
		488F3BA2230B19DB00663763 /* Extensions */ = {
			isa = PBXGroup;
			children = (
				488F3BA3230B1A8C00663763 /* UIView+image.swift */,
				483DE039230BE6030003A2DF /* UIImagePickerController+rotate.swift */,
			);
			path = Extensions;
			sourceTree = "<group>";
		};
		48AAA19E23FB279B0030F28F /* InstagridTests */ = {
			isa = PBXGroup;
			children = (
				48AAA1A123FB279B0030F28F /* Info.plist */,
				48AAA1A723FB28030030F28F /* GridTest.swift */,
			);
			path = InstagridTests;
			sourceTree = "<group>";
		};
/* End PBXGroup section */

/* Begin PBXNativeTarget section */
		488F3B8C230B199500663763 /* Instagrid */ = {
			isa = PBXNativeTarget;
			buildConfigurationList = 488F3B9F230B199800663763 /* Build configuration list for PBXNativeTarget "Instagrid" */;
			buildPhases = (
				488F3B89230B199500663763 /* Sources */,
				488F3B8A230B199500663763 /* Frameworks */,
				488F3B8B230B199500663763 /* Resources */,
			);
			buildRules = (
			);
			dependencies = (
			);
			name = Instagrid;
			productName = Instagrid;
			productReference = 488F3B8D230B199500663763 /* Instagrid.app */;
			productType = "com.apple.product-type.application";
		};
		48AAA19C23FB279B0030F28F /* InstagridTests */ = {
			isa = PBXNativeTarget;
			buildConfigurationList = 48AAA1A623FB279B0030F28F /* Build configuration list for PBXNativeTarget "InstagridTests" */;
			buildPhases = (
				48AAA19923FB279B0030F28F /* Sources */,
				48AAA19A23FB279B0030F28F /* Frameworks */,
				48AAA19B23FB279B0030F28F /* Resources */,
			);
			buildRules = (
			);
			dependencies = (
				48AAA1A323FB279B0030F28F /* PBXTargetDependency */,
			);
			name = InstagridTests;
			productName = InstagridTests;
			productReference = 48AAA19D23FB279B0030F28F /* InstagridTests.xctest */;
			productType = "com.apple.product-type.bundle.unit-test";
		};
/* End PBXNativeTarget section */

/* Begin PBXProject section */
		488F3B85230B199500663763 /* Project object */ = {
			isa = PBXProject;
			attributes = {
				LastSwiftUpdateCheck = 1130;
				LastUpgradeCheck = 1030;
				ORGANIZATIONNAME = Concreteflowers;
				TargetAttributes = {
					488F3B8C230B199500663763 = {
						CreatedOnToolsVersion = 10.3;
					};
					48AAA19C23FB279B0030F28F = {
						CreatedOnToolsVersion = 11.3.1;
						LastSwiftMigration = 1130;
						TestTargetID = 488F3B8C230B199500663763;
					};
				};
			};
			buildConfigurationList = 488F3B88230B199500663763 /* Build configuration list for PBXProject "Instagrid" */;
			compatibilityVersion = "Xcode 9.3";
			developmentRegion = en;
			hasScannedForEncodings = 0;
			knownRegions = (
				en,
				Base,
			);
			mainGroup = 488F3B84230B199500663763;
			productRefGroup = 488F3B8E230B199500663763 /* Products */;
			projectDirPath = "";
			projectRoot = "";
			targets = (
				488F3B8C230B199500663763 /* Instagrid */,
				48AAA19C23FB279B0030F28F /* InstagridTests */,
			);
		};
/* End PBXProject section */

/* Begin PBXResourcesBuildPhase section */
		488F3B8B230B199500663763 /* Resources */ = {
			isa = PBXResourcesBuildPhase;
			buildActionMask = 2147483647;
			files = (
				488F3B9B230B199800663763 /* LaunchScreen.storyboard in Resources */,
				488F3B98230B199800663763 /* Assets.xcassets in Resources */,
				48FDFC2D23E02C5A000671CF /* ThirstySoftRegular.otf in Resources */,
				48FDFC2C23E02C5A000671CF /* Delm-Medium.otf in Resources */,
				488F3B96230B199500663763 /* Main.storyboard in Resources */,
			);
			runOnlyForDeploymentPostprocessing = 0;
		};
		48AAA19B23FB279B0030F28F /* Resources */ = {
			isa = PBXResourcesBuildPhase;
			buildActionMask = 2147483647;
			files = (
			);
			runOnlyForDeploymentPostprocessing = 0;
		};
/* End PBXResourcesBuildPhase section */

/* Begin PBXSourcesBuildPhase section */
		488F3B89230B199500663763 /* Sources */ = {
			isa = PBXSourcesBuildPhase;
			buildActionMask = 2147483647;
			files = (
				483DE03D230BE6970003A2DF /* Grid.swift in Sources */,
				483DE03A230BE6030003A2DF /* UIImagePickerController+rotate.swift in Sources */,
				488F3B93230B199500663763 /* ViewController.swift in Sources */,
				488F3BA4230B1A8C00663763 /* UIView+image.swift in Sources */,
				488F3B91230B199500663763 /* AppDelegate.swift in Sources */,
			);
			runOnlyForDeploymentPostprocessing = 0;
		};
		48AAA19923FB279B0030F28F /* Sources */ = {
			isa = PBXSourcesBuildPhase;
			buildActionMask = 2147483647;
			files = (
				48AAA1A823FB28030030F28F /* GridTest.swift in Sources */,
			);
			runOnlyForDeploymentPostprocessing = 0;
		};
/* End PBXSourcesBuildPhase section */

/* Begin PBXTargetDependency section */
		48AAA1A323FB279B0030F28F /* PBXTargetDependency */ = {
			isa = PBXTargetDependency;
			target = 488F3B8C230B199500663763 /* Instagrid */;
			targetProxy = 48AAA1A223FB279B0030F28F /* PBXContainerItemProxy */;
		};
/* End PBXTargetDependency section */

/* Begin PBXVariantGroup section */
		488F3B94230B199500663763 /* Main.storyboard */ = {
			isa = PBXVariantGroup;
			children = (
				488F3B95230B199500663763 /* Base */,
			);
			name = Main.storyboard;
			sourceTree = "<group>";
		};
		488F3B99230B199800663763 /* LaunchScreen.storyboard */ = {
			isa = PBXVariantGroup;
			children = (
				488F3B9A230B199800663763 /* Base */,
			);
			name = LaunchScreen.storyboard;
			sourceTree = "<group>";
		};
/* End PBXVariantGroup section */

/* Begin XCBuildConfiguration section */
		488F3B9D230B199800663763 /* Debug */ = {
			isa = XCBuildConfiguration;
			buildSettings = {
				ALWAYS_SEARCH_USER_PATHS = NO;
				CLANG_ANALYZER_NONNULL = YES;
				CLANG_ANALYZER_NUMBER_OBJECT_CONVERSION = YES_AGGRESSIVE;
				CLANG_CXX_LANGUAGE_STANDARD = "gnu++14";
				CLANG_CXX_LIBRARY = "libc++";
				CLANG_ENABLE_MODULES = YES;
				CLANG_ENABLE_OBJC_ARC = YES;
				CLANG_ENABLE_OBJC_WEAK = YES;
				CLANG_WARN_BLOCK_CAPTURE_AUTORELEASING = YES;
				CLANG_WARN_BOOL_CONVERSION = YES;
				CLANG_WARN_COMMA = YES;
				CLANG_WARN_CONSTANT_CONVERSION = YES;
				CLANG_WARN_DEPRECATED_OBJC_IMPLEMENTATIONS = YES;
				CLANG_WARN_DIRECT_OBJC_ISA_USAGE = YES_ERROR;
				CLANG_WARN_DOCUMENTATION_COMMENTS = YES;
				CLANG_WARN_EMPTY_BODY = YES;
				CLANG_WARN_ENUM_CONVERSION = YES;
				CLANG_WARN_INFINITE_RECURSION = YES;
				CLANG_WARN_INT_CONVERSION = YES;
				CLANG_WARN_NON_LITERAL_NULL_CONVERSION = YES;
				CLANG_WARN_OBJC_IMPLICIT_RETAIN_SELF = YES;
				CLANG_WARN_OBJC_LITERAL_CONVERSION = YES;
				CLANG_WARN_OBJC_ROOT_CLASS = YES_ERROR;
				CLANG_WARN_RANGE_LOOP_ANALYSIS = YES;
				CLANG_WARN_STRICT_PROTOTYPES = YES;
				CLANG_WARN_SUSPICIOUS_MOVE = YES;
				CLANG_WARN_UNGUARDED_AVAILABILITY = YES_AGGRESSIVE;
				CLANG_WARN_UNREACHABLE_CODE = YES;
				CLANG_WARN__DUPLICATE_METHOD_MATCH = YES;
				CODE_SIGN_IDENTITY = "iPhone Developer";
				COPY_PHASE_STRIP = NO;
				DEBUG_INFORMATION_FORMAT = dwarf;
				ENABLE_STRICT_OBJC_MSGSEND = YES;
				ENABLE_TESTABILITY = YES;
				GCC_C_LANGUAGE_STANDARD = gnu11;
				GCC_DYNAMIC_NO_PIC = NO;
				GCC_NO_COMMON_BLOCKS = YES;
				GCC_OPTIMIZATION_LEVEL = 0;
				GCC_PREPROCESSOR_DEFINITIONS = (
					"DEBUG=1",
					"$(inherited)",
				);
				GCC_WARN_64_TO_32_BIT_CONVERSION = YES;
				GCC_WARN_ABOUT_RETURN_TYPE = YES_ERROR;
				GCC_WARN_UNDECLARED_SELECTOR = YES;
				GCC_WARN_UNINITIALIZED_AUTOS = YES_AGGRESSIVE;
				GCC_WARN_UNUSED_FUNCTION = YES;
				GCC_WARN_UNUSED_VARIABLE = YES;
				IPHONEOS_DEPLOYMENT_TARGET = 12.4;
				MTL_ENABLE_DEBUG_INFO = INCLUDE_SOURCE;
				MTL_FAST_MATH = YES;
				ONLY_ACTIVE_ARCH = YES;
				SDKROOT = iphoneos;
				SWIFT_ACTIVE_COMPILATION_CONDITIONS = DEBUG;
				SWIFT_OPTIMIZATION_LEVEL = "-Onone";
			};
			name = Debug;
		};
		488F3B9E230B199800663763 /* Release */ = {
			isa = XCBuildConfiguration;
			buildSettings = {
				ALWAYS_SEARCH_USER_PATHS = NO;
				CLANG_ANALYZER_NONNULL = YES;
				CLANG_ANALYZER_NUMBER_OBJECT_CONVERSION = YES_AGGRESSIVE;
				CLANG_CXX_LANGUAGE_STANDARD = "gnu++14";
				CLANG_CXX_LIBRARY = "libc++";
				CLANG_ENABLE_MODULES = YES;
				CLANG_ENABLE_OBJC_ARC = YES;
				CLANG_ENABLE_OBJC_WEAK = YES;
				CLANG_WARN_BLOCK_CAPTURE_AUTORELEASING = YES;
				CLANG_WARN_BOOL_CONVERSION = YES;
				CLANG_WARN_COMMA = YES;
				CLANG_WARN_CONSTANT_CONVERSION = YES;
				CLANG_WARN_DEPRECATED_OBJC_IMPLEMENTATIONS = YES;
				CLANG_WARN_DIRECT_OBJC_ISA_USAGE = YES_ERROR;
				CLANG_WARN_DOCUMENTATION_COMMENTS = YES;
				CLANG_WARN_EMPTY_BODY = YES;
				CLANG_WARN_ENUM_CONVERSION = YES;
				CLANG_WARN_INFINITE_RECURSION = YES;
				CLANG_WARN_INT_CONVERSION = YES;
				CLANG_WARN_NON_LITERAL_NULL_CONVERSION = YES;
				CLANG_WARN_OBJC_IMPLICIT_RETAIN_SELF = YES;
				CLANG_WARN_OBJC_LITERAL_CONVERSION = YES;
				CLANG_WARN_OBJC_ROOT_CLASS = YES_ERROR;
				CLANG_WARN_RANGE_LOOP_ANALYSIS = YES;
				CLANG_WARN_STRICT_PROTOTYPES = YES;
				CLANG_WARN_SUSPICIOUS_MOVE = YES;
				CLANG_WARN_UNGUARDED_AVAILABILITY = YES_AGGRESSIVE;
				CLANG_WARN_UNREACHABLE_CODE = YES;
				CLANG_WARN__DUPLICATE_METHOD_MATCH = YES;
				CODE_SIGN_IDENTITY = "iPhone Developer";
				COPY_PHASE_STRIP = NO;
				DEBUG_INFORMATION_FORMAT = "dwarf-with-dsym";
				ENABLE_NS_ASSERTIONS = NO;
				ENABLE_STRICT_OBJC_MSGSEND = YES;
				GCC_C_LANGUAGE_STANDARD = gnu11;
				GCC_NO_COMMON_BLOCKS = YES;
				GCC_WARN_64_TO_32_BIT_CONVERSION = YES;
				GCC_WARN_ABOUT_RETURN_TYPE = YES_ERROR;
				GCC_WARN_UNDECLARED_SELECTOR = YES;
				GCC_WARN_UNINITIALIZED_AUTOS = YES_AGGRESSIVE;
				GCC_WARN_UNUSED_FUNCTION = YES;
				GCC_WARN_UNUSED_VARIABLE = YES;
				IPHONEOS_DEPLOYMENT_TARGET = 12.4;
				MTL_ENABLE_DEBUG_INFO = NO;
				MTL_FAST_MATH = YES;
				SDKROOT = iphoneos;
				SWIFT_COMPILATION_MODE = wholemodule;
				SWIFT_OPTIMIZATION_LEVEL = "-O";
				VALIDATE_PRODUCT = YES;
			};
			name = Release;
		};
		488F3BA0230B199800663763 /* Debug */ = {
			isa = XCBuildConfiguration;
			buildSettings = {
				ASSETCATALOG_COMPILER_APPICON_NAME = AppIcon;
				CODE_SIGN_STYLE = Automatic;
				DEVELOPMENT_TEAM = 6686VY9W88;
				INFOPLIST_FILE = "Instagrid/Supporting Files/Info.plist";
				LD_RUNPATH_SEARCH_PATHS = (
					"$(inherited)",
					"@executable_path/Frameworks",
				);
				PRODUCT_BUNDLE_IDENTIFIER = org.concreteflowers.Instagrid;
				PRODUCT_NAME = "$(TARGET_NAME)";
				SWIFT_VERSION = 5.0;
				TARGETED_DEVICE_FAMILY = "1,2";
			};
			name = Debug;
		};
		488F3BA1230B199800663763 /* Release */ = {
			isa = XCBuildConfiguration;
			buildSettings = {
				ASSETCATALOG_COMPILER_APPICON_NAME = AppIcon;
				CODE_SIGN_STYLE = Automatic;
				DEVELOPMENT_TEAM = 6686VY9W88;
				INFOPLIST_FILE = "Instagrid/Supporting Files/Info.plist";
				LD_RUNPATH_SEARCH_PATHS = (
					"$(inherited)",
					"@executable_path/Frameworks",
				);
				PRODUCT_BUNDLE_IDENTIFIER = org.concreteflowers.Instagrid;
				PRODUCT_NAME = "$(TARGET_NAME)";
				SWIFT_VERSION = 5.0;
				TARGETED_DEVICE_FAMILY = "1,2";
			};
			name = Release;
		};
		48AAA1A423FB279B0030F28F /* Debug */ = {
			isa = XCBuildConfiguration;
			buildSettings = {
				BUNDLE_LOADER = "$(TEST_HOST)";
				CLANG_ENABLE_MODULES = YES;
				CODE_SIGN_STYLE = Automatic;
				DEVELOPMENT_TEAM = 6686VY9W88;
				INFOPLIST_FILE = InstagridTests/Info.plist;
				IPHONEOS_DEPLOYMENT_TARGET = 13.2;
				LD_RUNPATH_SEARCH_PATHS = (
					"$(inherited)",
					"@executable_path/Frameworks",
					"@loader_path/Frameworks",
				);
				PRODUCT_BUNDLE_IDENTIFIER = org.concreteflowers.InstagridTests;
				PRODUCT_NAME = "$(TARGET_NAME)";
				SWIFT_OPTIMIZATION_LEVEL = "-Onone";
				SWIFT_VERSION = 5.0;
				TARGETED_DEVICE_FAMILY = "1,2";
				TEST_HOST = "$(BUILT_PRODUCTS_DIR)/Instagrid.app/Instagrid";
			};
			name = Debug;
		};
		48AAA1A523FB279B0030F28F /* Release */ = {
			isa = XCBuildConfiguration;
			buildSettings = {
				BUNDLE_LOADER = "$(TEST_HOST)";
				CLANG_ENABLE_MODULES = YES;
				CODE_SIGN_STYLE = Automatic;
				DEVELOPMENT_TEAM = 6686VY9W88;
				INFOPLIST_FILE = InstagridTests/Info.plist;
				IPHONEOS_DEPLOYMENT_TARGET = 13.2;
				LD_RUNPATH_SEARCH_PATHS = (
					"$(inherited)",
					"@executable_path/Frameworks",
					"@loader_path/Frameworks",
				);
				PRODUCT_BUNDLE_IDENTIFIER = org.concreteflowers.InstagridTests;
				PRODUCT_NAME = "$(TARGET_NAME)";
				SWIFT_VERSION = 5.0;
				TARGETED_DEVICE_FAMILY = "1,2";
				TEST_HOST = "$(BUILT_PRODUCTS_DIR)/Instagrid.app/Instagrid";
			};
			name = Release;
		};
/* End XCBuildConfiguration section */

/* Begin XCConfigurationList section */
		488F3B88230B199500663763 /* Build configuration list for PBXProject "Instagrid" */ = {
			isa = XCConfigurationList;
			buildConfigurations = (
				488F3B9D230B199800663763 /* Debug */,
				488F3B9E230B199800663763 /* Release */,
			);
			defaultConfigurationIsVisible = 0;
			defaultConfigurationName = Release;
		};
		488F3B9F230B199800663763 /* Build configuration list for PBXNativeTarget "Instagrid" */ = {
			isa = XCConfigurationList;
			buildConfigurations = (
				488F3BA0230B199800663763 /* Debug */,
				488F3BA1230B199800663763 /* Release */,
			);
			defaultConfigurationIsVisible = 0;
			defaultConfigurationName = Release;
		};
		48AAA1A623FB279B0030F28F /* Build configuration list for PBXNativeTarget "InstagridTests" */ = {
			isa = XCConfigurationList;
			buildConfigurations = (
				48AAA1A423FB279B0030F28F /* Debug */,
				48AAA1A523FB279B0030F28F /* Release */,
			);
			defaultConfigurationIsVisible = 0;
			defaultConfigurationName = Release;
		};
/* End XCConfigurationList section */
	};
	rootObject = 488F3B85230B199500663763 /* Project object */;
}
